
Microsoft Visual Studio Solution File, Format Version 12.00
# Visual Studio Version 16
VisualStudioVersion = 16.0.30523.141
MinimumVisualStudioVersion = 10.0.40219.1
Project("{FAE04EC0-301F-11D3-BF4B-00C04F79EFBC}") = "Core", "Core\Core.csproj", "{DE9EB36D-41FA-4207-A442-E07DE00EAC54}"
EndProject
Project("{FAE04EC0-301F-11D3-BF4B-00C04F79EFBC}") = "Business", "Business\Business.csproj", "{980C6E24-D85D-4ECE-A002-5965050A56EE}"
EndProject
Project("{FAE04EC0-301F-11D3-BF4B-00C04F79EFBC}") = "MetaOMS", "MetaOMS\MetaOMS.csproj", "{47D1D615-A96D-45D4-B01C-7949EEF6F458}"
EndProject
Global
	GlobalSection(SolutionConfigurationPlatforms) = preSolution
		Debug|Any CPU = Debug|Any CPU
		Release|Any CPU = Release|Any CPU
	EndGlobalSection
	GlobalSection(ProjectConfigurationPlatforms) = postSolution
		{DE9EB36D-41FA-4207-A442-E07DE00EAC54}.Debug|Any CPU.ActiveCfg = Debug|Any CPU
		{DE9EB36D-41FA-4207-A442-E07DE00EAC54}.Debug|Any CPU.Build.0 = Debug|Any CPU
		{DE9EB36D-41FA-4207-A442-E07DE00EAC54}.Release|Any CPU.ActiveCfg = Release|Any CPU
		{DE9EB36D-41FA-4207-A442-E07DE00EAC54}.Release|Any CPU.Build.0 = Release|Any CPU
		{980C6E24-D85D-4ECE-A002-5965050A56EE}.Debug|Any CPU.ActiveCfg = Debug|Any CPU
		{980C6E24-D85D-4ECE-A002-5965050A56EE}.Debug|Any CPU.Build.0 = Debug|Any CPU
		{980C6E24-D85D-4ECE-A002-5965050A56EE}.Release|Any CPU.ActiveCfg = Release|Any CPU
		{980C6E24-D85D-4ECE-A002-5965050A56EE}.Release|Any CPU.Build.0 = Release|Any CPU
		{47D1D615-A96D-45D4-B01C-7949EEF6F458}.Debug|Any CPU.ActiveCfg = Debug|Any CPU
		{47D1D615-A96D-45D4-B01C-7949EEF6F458}.Debug|Any CPU.Build.0 = Debug|Any CPU
		{47D1D615-A96D-45D4-B01C-7949EEF6F458}.Release|Any CPU.ActiveCfg = Release|Any CPU
		{47D1D615-A96D-45D4-B01C-7949EEF6F458}.Release|Any CPU.Build.0 = Release|Any CPU
	EndGlobalSection
	GlobalSection(SolutionProperties) = preSolution
		HideSolutionNode = FALSE
	EndGlobalSection
	GlobalSection(ExtensibilityGlobals) = postSolution
		SolutionGuid = {90560B84-BFD0-4B3C-87FA-9935AB5F165B}
	EndGlobalSection
EndGlobal
